// !$*UTF8*$!
{
	archiveVersion = 1;
	classes = {
	};
	objectVersion = 56;
	objects = {

/* Begin PBXBuildFile section */
		617E13BC2D9465DD006934F4 /* Desafio9App.swift in Sources */ = {isa = PBXBuildFile; fileRef = 617E13BB2D9465DD006934F4 /* Desafio9App.swift */; };
		617E13BE2D9465DD006934F4 /* ContentView.swift in Sources */ = {isa = PBXBuildFile; fileRef = 617E13BD2D9465DD006934F4 /* ContentView.swift */; };
		617E13C02D9465DE006934F4 /* Assets.xcassets in Resources */ = {isa = PBXBuildFile; fileRef = 617E13BF2D9465DE006934F4 /* Assets.xcassets */; };
		617E13C32D9465DE006934F4 /* Preview Assets.xcassets in Resources */ = {isa = PBXBuildFile; fileRef = 617E13C22D9465DE006934F4 /* Preview Assets.xcassets */; };
		617E13CE2D9467BF006934F4 /* Model.swift in Sources */ = {isa = PBXBuildFile; fileRef = 617E13CD2D9467BF006934F4 /* Model.swift */; };
		617E13D02D94689F006934F4 /* ViewModel.swift in Sources */ = {isa = PBXBuildFile; fileRef = 617E13CF2D94689F006934F4 /* ViewModel.swift */; };
		617E13D42D94733E006934F4 /* CharacterView.swift in Sources */ = {isa = PBXBuildFile; fileRef = 617E13D32D94733E006934F4 /* CharacterView.swift */; };
		617E13D62D947F5E006934F4 /* HouseVieww.swift in Sources */ = {isa = PBXBuildFile; fileRef = 617E13D52D947F5E006934F4 /* HouseVieww.swift */; };
/* End PBXBuildFile section */

/* Begin PBXFileReference section */
		617E13B82D9465DD006934F4 /* Desafio9.app */ = {isa = PBXFileReference; explicitFileType = wrapper.application; includeInIndex = 0; path = Desafio9.app; sourceTree = BUILT_PRODUCTS_DIR; };
		617E13BB2D9465DD006934F4 /* Desafio9App.swift */ = {isa = PBXFileReference; lastKnownFileType = sourcecode.swift; path = Desafio9App.swift; sourceTree = "<group>"; };
		617E13BD2D9465DD006934F4 /* ContentView.swift */ = {isa = PBXFileReference; lastKnownFileType = sourcecode.swift; path = ContentView.swift; sourceTree = "<group>"; };
		617E13BF2D9465DE006934F4 /* Assets.xcassets */ = {isa = PBXFileReference; lastKnownFileType = folder.assetcatalog; path = Assets.xcassets; sourceTree = "<group>"; };
		617E13C22D9465DE006934F4 /* Preview Assets.xcassets */ = {isa = PBXFileReference; lastKnownFileType = folder.assetcatalog; path = "Preview Assets.xcassets"; sourceTree = "<group>"; };
		617E13CD2D9467BF006934F4 /* Model.swift */ = {isa = PBXFileReference; lastKnownFileType = sourcecode.swift; path = Model.swift; sourceTree = "<group>"; };
		617E13CF2D94689F006934F4 /* ViewModel.swift */ = {isa = PBXFileReference; lastKnownFileType = sourcecode.swift; path = ViewModel.swift; sourceTree = "<group>"; };
		617E13D32D94733E006934F4 /* CharacterView.swift */ = {isa = PBXFileReference; lastKnownFileType = sourcecode.swift; path = CharacterView.swift; sourceTree = "<group>"; };
		617E13D52D947F5E006934F4 /* HouseVieww.swift */ = {isa = PBXFileReference; lastKnownFileType = sourcecode.swift; path = HouseVieww.swift; sourceTree = "<group>"; };
/* End PBXFileReference section */

/* Begin PBXFrameworksBuildPhase section */
		617E13B52D9465DD006934F4 /* Frameworks */ = {
			isa = PBXFrameworksBuildPhase;
			buildActionMask = 2147483647;
			files = (
			);
			runOnlyForDeploymentPostprocessing = 0;
		};
/* End PBXFrameworksBuildPhase section */

/* Begin PBXGroup section */
		617E13AF2D9465DD006934F4 = {
			isa = PBXGroup;
			children = (
				617E13D52D947F5E006934F4 /* HouseVieww.swift */,
				617E13D32D94733E006934F4 /* CharacterView.swift */,
				617E13CF2D94689F006934F4 /* ViewModel.swift */,
				617E13CD2D9467BF006934F4 /* Model.swift */,
				617E13BA2D9465DD006934F4 /* Desafio9 */,
				617E13B92D9465DD006934F4 /* Products */,
			);
			sourceTree = "<group>";
		};
		617E13B92D9465DD006934F4 /* Products */ = {
			isa = PBXGroup;
			children = (
				617E13B82D9465DD006934F4 /* Desafio9.app */,
			);
			name = Products;
			sourceTree = "<group>";
		};
		617E13BA2D9465DD006934F4 /* Desafio9 */ = {
			isa = PBXGroup;
			children = (
				617E13BB2D9465DD006934F4 /* Desafio9App.swift */,
				617E13BD2D9465DD006934F4 /* ContentView.swift */,
				617E13BF2D9465DE006934F4 /* Assets.xcassets */,
				617E13C12D9465DE006934F4 /* Preview Content */,
			);
			path = Desafio9;
			sourceTree = "<group>";
		};
		617E13C12D9465DE006934F4 /* Preview Content */ = {
			isa = PBXGroup;
			children = (
				617E13C22D9465DE006934F4 /* Preview Assets.xcassets */,
			);
			path = "Preview Content";
			sourceTree = "<group>";
		};
/* End PBXGroup section */

/* Begin PBXNativeTarget section */
		617E13B72D9465DD006934F4 /* Desafio9 */ = {
			isa = PBXNativeTarget;
			buildConfigurationList = 617E13C62D9465DE006934F4 /* Build configuration list for PBXNativeTarget "Desafio9" */;
			buildPhases = (
				617E13B42D9465DD006934F4 /* Sources */,
				617E13B52D9465DD006934F4 /* Frameworks */,
				617E13B62D9465DD006934F4 /* Resources */,
			);
			buildRules = (
			);
			dependencies = (
			);
			name = Desafio9;
			productName = Desafio9;
			productReference = 617E13B82D9465DD006934F4 /* Desafio9.app */;
			productType = "com.apple.product-type.application";
		};
/* End PBXNativeTarget section */

/* Begin PBXProject section */
		617E13B02D9465DD006934F4 /* Project object */ = {
			isa = PBXProject;
			attributes = {
				BuildIndependentTargetsInParallel = 1;
				LastSwiftUpdateCheck = 1540;
				LastUpgradeCheck = 1540;
				TargetAttributes = {
					617E13B72D9465DD006934F4 = {
						CreatedOnToolsVersion = 15.4;
					};
				};
			};
			buildConfigurationList = 617E13B32D9465DD006934F4 /* Build configuration list for PBXProject "Desafio9" */;
			compatibilityVersion = "Xcode 14.0";
			developmentRegion = en;
			hasScannedForEncodings = 0;
			knownRegions = (
				en,
				Base,
			);
			mainGroup = 617E13AF2D9465DD006934F4;
			productRefGroup = 617E13B92D9465DD006934F4 /* Products */;
			projectDirPath = "";
			projectRoot = "";
			targets = (
				617E13B72D9465DD006934F4 /* Desafio9 */,
			);
		};
/* End PBXProject section */

/* Begin PBXResourcesBuildPhase section */
		617E13B62D9465DD006934F4 /* Resources */ = {
			isa = PBXResourcesBuildPhase;
			buildActionMask = 2147483647;
			files = (
				617E13C32D9465DE006934F4 /* Preview Assets.xcassets in Resources */,
				617E13C02D9465DE006934F4 /* Assets.xcassets in Resources */,
			);
			runOnlyForDeploymentPostprocessing = 0;
		};
/* End PBXResourcesBuildPhase section */

/* Begin PBXSourcesBuildPhase section */
		617E13B42D9465DD006934F4 /* Sources */ = {
			isa = PBXSourcesBuildPhase;
			buildActionMask = 2147483647;
			files = (
				617E13BE2D9465DD006934F4 /* ContentView.swift in Sources */,
				617E13BC2D9465DD006934F4 /* Desafio9App.swift in Sources */,
				617E13D42D94733E006934F4 /* CharacterView.swift in Sources */,
				617E13D62D947F5E006934F4 /* HouseVieww.swift in Sources */,
				617E13D02D94689F006934F4 /* ViewModel.swift in Sources */,
				617E13CE2D9467BF006934F4 /* Model.swift in Sources */,
			);
			runOnlyForDeploymentPostprocessing = 0;
		};
/* End PBXSourcesBuildPhase section */

/* Begin XCBuildConfiguration section */
		617E13C42D9465DE006934F4 /* Debug */ = {
			isa = XCBuildConfiguration;
			buildSettings = {
				ALWAYS_SEARCH_USER_PATHS = NO;
				ASSETCATALOG_COMPILER_GENERATE_SWIFT_ASSET_SYMBOL_EXTENSIONS = YES;
				CLANG_ANALYZER_NONNULL = YES;
				CLANG_ANALYZER_NUMBER_OBJECT_CONVERSION = YES_AGGRESSIVE;
				CLANG_CXX_LANGUAGE_STANDARD = "gnu++20";
				CLANG_ENABLE_MODULES = YES;
				CLANG_ENABLE_OBJC_ARC = YES;
				CLANG_ENABLE_OBJC_WEAK = YES;
				CLANG_WARN_BLOCK_CAPTURE_AUTORELEASING = YES;
				CLANG_WARN_BOOL_CONVERSION = YES;
				CLANG_WARN_COMMA = YES;
				CLANG_WARN_CONSTANT_CONVERSION = YES;
				CLANG_WARN_DEPRECATED_OBJC_IMPLEMENTATIONS = YES;
				CLANG_WARN_DIRECT_OBJC_ISA_USAGE = YES_ERROR;
				CLANG_WARN_DOCUMENTATION_COMMENTS = YES;
				CLANG_WARN_EMPTY_BODY = YES;
				CLANG_WARN_ENUM_CONVERSION = YES;
				CLANG_WARN_INFINITE_RECURSION = YES;
				CLANG_WARN_INT_CONVERSION = YES;
				CLANG_WARN_NON_LITERAL_NULL_CONVERSION = YES;
				CLANG_WARN_OBJC_IMPLICIT_RETAIN_SELF = YES;
				CLANG_WARN_OBJC_LITERAL_CONVERSION = YES;
				CLANG_WARN_OBJC_ROOT_CLASS = YES_ERROR;
				CLANG_WARN_QUOTED_INCLUDE_IN_FRAMEWORK_HEADER = YES;
				CLANG_WARN_RANGE_LOOP_ANALYSIS = YES;
				CLANG_WARN_STRICT_PROTOTYPES = YES;
				CLANG_WARN_SUSPICIOUS_MOVE = YES;
				CLANG_WARN_UNGUARDED_AVAILABILITY = YES_AGGRESSIVE;
				CLANG_WARN_UNREACHABLE_CODE = YES;
				CLANG_WARN__DUPLICATE_METHOD_MATCH = YES;
				COPY_PHASE_STRIP = NO;
				DEBUG_INFORMATION_FORMAT = dwarf;
				ENABLE_STRICT_OBJC_MSGSEND = YES;
				ENABLE_TESTABILITY = YES;
				ENABLE_USER_SCRIPT_SANDBOXING = YES;
				GCC_C_LANGUAGE_STANDARD = gnu17;
				GCC_DYNAMIC_NO_PIC = NO;
				GCC_NO_COMMON_BLOCKS = YES;
				GCC_OPTIMIZATION_LEVEL = 0;
				GCC_PREPROCESSOR_DEFINITIONS = (
					"DEBUG=1",
					"$(inherited)",
				);
				GCC_WARN_64_TO_32_BIT_CONVERSION = YES;
				GCC_WARN_ABOUT_RETURN_TYPE = YES_ERROR;
				GCC_WARN_UNDECLARED_SELECTOR = YES;
				GCC_WARN_UNINITIALIZED_AUTOS = YES_AGGRESSIVE;
				GCC_WARN_UNUSED_FUNCTION = YES;
				GCC_WARN_UNUSED_VARIABLE = YES;
				IPHONEOS_DEPLOYMENT_TARGET = 17.5;
				LOCALIZATION_PREFERS_STRING_CATALOGS = YES;
				MTL_ENABLE_DEBUG_INFO = INCLUDE_SOURCE;
				MTL_FAST_MATH = YES;
				ONLY_ACTIVE_ARCH = YES;
				SDKROOT = iphoneos;
				SWIFT_ACTIVE_COMPILATION_CONDITIONS = "DEBUG $(inherited)";
				SWIFT_OPTIMIZATION_LEVEL = "-Onone";
			};
			name = Debug;
		};
		617E13C52D9465DE006934F4 /* Release */ = {
			isa = XCBuildConfiguration;
			buildSettings = {
				ALWAYS_SEARCH_USER_PATHS = NO;
				ASSETCATALOG_COMPILER_GENERATE_SWIFT_ASSET_SYMBOL_EXTENSIONS = YES;
				CLANG_ANALYZER_NONNULL = YES;
				CLANG_ANALYZER_NUMBER_OBJECT_CONVERSION = YES_AGGRESSIVE;
				CLANG_CXX_LANGUAGE_STANDARD = "gnu++20";
				CLANG_ENABLE_MODULES = YES;
				CLANG_ENABLE_OBJC_ARC = YES;
				CLANG_ENABLE_OBJC_WEAK = YES;
				CLANG_WARN_BLOCK_CAPTURE_AUTORELEASING = YES;
				CLANG_WARN_BOOL_CONVERSION = YES;
				CLANG_WARN_COMMA = YES;
				CLANG_WARN_CONSTANT_CONVERSION = YES;
				CLANG_WARN_DEPRECATED_OBJC_IMPLEMENTATIONS = YES;
				CLANG_WARN_DIRECT_OBJC_ISA_USAGE = YES_ERROR;
				CLANG_WARN_DOCUMENTATION_COMMENTS = YES;
				CLANG_WARN_EMPTY_BODY = YES;
				CLANG_WARN_ENUM_CONVERSION = YES;
				CLANG_WARN_INFINITE_RECURSION = YES;
				CLANG_WARN_INT_CONVERSION = YES;
				CLANG_WARN_NON_LITERAL_NULL_CONVERSION = YES;
				CLANG_WARN_OBJC_IMPLICIT_RETAIN_SELF = YES;
				CLANG_WARN_OBJC_LITERAL_CONVERSION = YES;
				CLANG_WARN_OBJC_ROOT_CLASS = YES_ERROR;
				CLANG_WARN_QUOTED_INCLUDE_IN_FRAMEWORK_HEADER = YES;
				CLANG_WARN_RANGE_LOOP_ANALYSIS = YES;
				CLANG_WARN_STRICT_PROTOTYPES = YES;
				CLANG_WARN_SUSPICIOUS_MOVE = YES;
				CLANG_WARN_UNGUARDED_AVAILABILITY = YES_AGGRESSIVE;
				CLANG_WARN_UNREACHABLE_CODE = YES;
				CLANG_WARN__DUPLICATE_METHOD_MATCH = YES;
				COPY_PHASE_STRIP = NO;
				DEBUG_INFORMATION_FORMAT = "dwarf-with-dsym";
				ENABLE_NS_ASSERTIONS = NO;
				ENABLE_STRICT_OBJC_MSGSEND = YES;
				ENABLE_USER_SCRIPT_SANDBOXING = YES;
				GCC_C_LANGUAGE_STANDARD = gnu17;
				GCC_NO_COMMON_BLOCKS = YES;
				GCC_WARN_64_TO_32_BIT_CONVERSION = YES;
				GCC_WARN_ABOUT_RETURN_TYPE = YES_ERROR;
				GCC_WARN_UNDECLARED_SELECTOR = YES;
				GCC_WARN_UNINITIALIZED_AUTOS = YES_AGGRESSIVE;
				GCC_WARN_UNUSED_FUNCTION = YES;
				GCC_WARN_UNUSED_VARIABLE = YES;
				IPHONEOS_DEPLOYMENT_TARGET = 17.5;
				LOCALIZATION_PREFERS_STRING_CATALOGS = YES;
				MTL_ENABLE_DEBUG_INFO = NO;
				MTL_FAST_MATH = YES;
				SDKROOT = iphoneos;
				SWIFT_COMPILATION_MODE = wholemodule;
				VALIDATE_PRODUCT = YES;
			};
			name = Release;
		};
		617E13C72D9465DE006934F4 /* Debug */ = {
			isa = XCBuildConfiguration;
			buildSettings = {
				ASSETCATALOG_COMPILER_APPICON_NAME = AppIcon;
				ASSETCATALOG_COMPILER_GLOBAL_ACCENT_COLOR_NAME = AccentColor;
				CODE_SIGN_STYLE = Automatic;
				CURRENT_PROJECT_VERSION = 1;
				DEVELOPMENT_ASSET_PATHS = "\"Desafio9/Preview Content\"";
				ENABLE_PREVIEWS = YES;
				GENERATE_INFOPLIST_FILE = YES;
				INFOPLIST_KEY_UIApplicationSceneManifest_Generation = YES;
				INFOPLIST_KEY_UIApplicationSupportsIndirectInputEvents = YES;
				INFOPLIST_KEY_UILaunchScreen_Generation = YES;
				INFOPLIST_KEY_UISupportedInterfaceOrientations_iPad = "UIInterfaceOrientationPortrait UIInterfaceOrientationPortraitUpsideDown UIInterfaceOrientationLandscapeLeft UIInterfaceOrientationLandscapeRight";
				INFOPLIST_KEY_UISupportedInterfaceOrientations_iPhone = "UIInterfaceOrientationPortrait UIInterfaceOrientationLandscapeLeft UIInterfaceOrientationLandscapeRight";
				LD_RUNPATH_SEARCH_PATHS = (
					"$(inherited)",
					"@executable_path/Frameworks",
				);
				MARKETING_VERSION = 1.0;
				PRODUCT_BUNDLE_IDENTIFIER = cella.Desafio9;
				PRODUCT_NAME = "$(TARGET_NAME)";
				SWIFT_EMIT_LOC_STRINGS = YES;
				SWIFT_VERSION = 5.0;
				TARGETED_DEVICE_FAMILY = "1,2";
			};
			name = Debug;
		};
		617E13C82D9465DE006934F4 /* Release */ = {
			isa = XCBuildConfiguration;
			buildSettings = {
				ASSETCATALOG_COMPILER_APPICON_NAME = AppIcon;
				ASSETCATALOG_COMPILER_GLOBAL_ACCENT_COLOR_NAME = AccentColor;
				CODE_SIGN_STYLE = Automatic;
				CURRENT_PROJECT_VERSION = 1;
				DEVELOPMENT_ASSET_PATHS = "\"Desafio9/Preview Content\"";
				ENABLE_PREVIEWS = YES;
				GENERATE_INFOPLIST_FILE = YES;
				INFOPLIST_KEY_UIApplicationSceneManifest_Generation = YES;
				INFOPLIST_KEY_UIApplicationSupportsIndirectInputEvents = YES;
				INFOPLIST_KEY_UILaunchScreen_Generation = YES;
				INFOPLIST_KEY_UISupportedInterfaceOrientations_iPad = "UIInterfaceOrientationPortrait UIInterfaceOrientationPortraitUpsideDown UIInterfaceOrientationLandscapeLeft UIInterfaceOrientationLandscapeRight";
				INFOPLIST_KEY_UISupportedInterfaceOrientations_iPhone = "UIInterfaceOrientationPortrait UIInterfaceOrientationLandscapeLeft UIInterfaceOrientationLandscapeRight";
				LD_RUNPATH_SEARCH_PATHS = (
					"$(inherited)",
					"@executable_path/Frameworks",
				);
				MARKETING_VERSION = 1.0;
				PRODUCT_BUNDLE_IDENTIFIER = cella.Desafio9;
				PRODUCT_NAME = "$(TARGET_NAME)";
				SWIFT_EMIT_LOC_STRINGS = YES;
				SWIFT_VERSION = 5.0;
				TARGETED_DEVICE_FAMILY = "1,2";
			};
			name = Release;
		};
/* End XCBuildConfiguration section */

/* Begin XCConfigurationList section */
		617E13B32D9465DD006934F4 /* Build configuration list for PBXProject "Desafio9" */ = {
			isa = XCConfigurationList;
			buildConfigurations = (
				617E13C42D9465DE006934F4 /* Debug */,
				617E13C52D9465DE006934F4 /* Release */,
			);
			defaultConfigurationIsVisible = 0;
			defaultConfigurationName = Release;
		};
		617E13C62D9465DE006934F4 /* Build configuration list for PBXNativeTarget "Desafio9" */ = {
			isa = XCConfigurationList;
			buildConfigurations = (
				617E13C72D9465DE006934F4 /* Debug */,
				617E13C82D9465DE006934F4 /* Release */,
			);
			defaultConfigurationIsVisible = 0;
			defaultConfigurationName = Release;
		};
/* End XCConfigurationList section */
	};
	rootObject = 617E13B02D9465DD006934F4 /* Project object */;
}
